hash: e09039990f3deac35c9ef49cc316bb609e498adbf42fdf9488650ff207cc2002
updated: 2017-10-22T02:50:03.589072761+08:00
imports:
- name: github.com/codegangsta/inject
  version: 37d7f8432a3e684eef9b2edece76bdfa6ac85b39
- name: github.com/go-martini/martini
  version: 49411a5b646861ad29a6ddd5351717a0a9c49b94
- name: github.com/gorilla/websocket
  version: ea4d1f681babbce9545c9c5f3d5194a789c89f5b
- name: github.com/jinzhu/gorm
  version: 5174cc5c242a728b435ea2be8a2f7f998e15429b
- name: github.com/jinzhu/inflection
  version: 1c35d901db3da928c72a72d8458480cc9ade058f
- name: github.com/martini-contrib/render
  version: ec18f8345a1181146728238980606fb1d6f40e8c
- name: github.com/oxtoacart/bpool
  version: 4e1c5567d7c2dd59fa4c7c83d34c2f3528b025d6
- name: github.com/satori/go.uuid
  version: 879c5887cd475cd7864858769793b2ceb0d44feb
- name: github.com/streadway/amqp
  version: 7db842394ca79f338f781d47bc59115f44adb20b
- name: github.com/ybbus/jsonrpc
  version: 160c2ef8d9ec3b2d05dd534e08dceada46dfb763
- name: gopkg.in/yaml.v2
  version: eb3733d160e74a9c7e442f435eb3bea458e1d19f
testImports: []
